
Microsoft Visual Studio Solution File, Format Version 12.00
# Visual Studio Version 17
VisualStudioVersion = 17.7.34003.232
MinimumVisualStudioVersion = 10.0.40219.1
Project("{FAE04EC0-301F-11D3-BF4B-00C04F79EFBC}") = "Artuklu Billisim", "Artuklu Billisim.csproj", "{696482A9-B435-4C01-AD70-330C19F314C4}"
EndProject
Global
	GlobalSection(SolutionConfigurationPlatforms) = preSolution
		Debug|Any CPU = Debug|Any CPU
		Release|Any CPU = Release|Any CPU
	EndGlobalSection
	GlobalSection(ProjectConfigurationPlatforms) = postSolution
		{696482A9-B435-4C01-AD70-330C19F314C4}.Debug|Any CPU.ActiveCfg = Debug|Any CPU
		{696482A9-B435-4C01-AD70-330C19F314C4}.Debug|Any CPU.Build.0 = Debug|Any CPU
		{696482A9-B435-4C01-AD70-330C19F314C4}.Release|Any CPU.ActiveCfg = Release|Any CPU
		{696482A9-B435-4C01-AD70-330C19F314C4}.Release|Any CPU.Build.0 = Release|Any CPU
	EndGlobalSection
	GlobalSection(SolutionProperties) = preSolution
		HideSolutionNode = FALSE
	EndGlobalSection
	GlobalSection(ExtensibilityGlobals) = postSolution
		SolutionGuid = {A563EE4B-205E-4089-8EC9-5D31CA584C0F}
	EndGlobalSection
EndGlobal
